// !$*UTF8*$!
{
	archiveVersion = 1;
	classes = {
	};
	objectVersion = 50;
	objects = {

/* Begin PBXBuildFile section */
		6242F92925B4D57F00C48621 /* RequestManager.swift in Sources */ = {isa = PBXBuildFile; fileRef = 6242F92825B4D57F00C48621 /* RequestManager.swift */; };
		6242F9EB25B585E300C48621 /* Decoder.swift in Sources */ = {isa = PBXBuildFile; fileRef = 6242F9EA25B585E300C48621 /* Decoder.swift */; };
		6242F9F425B587D000C48621 /* Double+Extensions.swift in Sources */ = {isa = PBXBuildFile; fileRef = 6242F9F325B587D000C48621 /* Double+Extensions.swift */; };
		6242F9FC25B588AC00C48621 /* Date+Extensions.swift in Sources */ = {isa = PBXBuildFile; fileRef = 6242F9FB25B588AC00C48621 /* Date+Extensions.swift */; };
		6242FA0325B5893500C48621 /* EventDetailViewModel.swift in Sources */ = {isa = PBXBuildFile; fileRef = 6242FA0225B5893500C48621 /* EventDetailViewModel.swift */; };
		6242FA0B25B5898000C48621 /* EventsViewModel.swift in Sources */ = {isa = PBXBuildFile; fileRef = 6242FA0A25B5898000C48621 /* EventsViewModel.swift */; };
		6242FA1025B589CF00C48621 /* EventsViewController.swift in Sources */ = {isa = PBXBuildFile; fileRef = 6242FA0F25B589CF00C48621 /* EventsViewController.swift */; };
		6242FA1525B58B8500C48621 /* EventDetailTableViewController.swift in Sources */ = {isa = PBXBuildFile; fileRef = 6242FA1425B58B8500C48621 /* EventDetailTableViewController.swift */; };
		6242FA1A25B58C3800C48621 /* EventCell.swift in Sources */ = {isa = PBXBuildFile; fileRef = 6242FA1925B58C3800C48621 /* EventCell.swift */; };
		6242FA2225B58D0900C48621 /* Events.storyboard in Resources */ = {isa = PBXBuildFile; fileRef = 6242FA2125B58D0900C48621 /* Events.storyboard */; };
		6242FA2725B58D8000C48621 /* EventDetail.storyboard in Resources */ = {isa = PBXBuildFile; fileRef = 6242FA2625B58D8000C48621 /* EventDetail.storyboard */; };
		626D047E25B4B0E3007EB3DE /* EventsAPI.swift in Sources */ = {isa = PBXBuildFile; fileRef = 626D047D25B4B0E3007EB3DE /* EventsAPI.swift */; };
		626D048B25B4B13A007EB3DE /* Event.swift in Sources */ = {isa = PBXBuildFile; fileRef = 626D048A25B4B13A007EB3DE /* Event.swift */; };
		626D049025B4B168007EB3DE /* Participant.swift in Sources */ = {isa = PBXBuildFile; fileRef = 626D048F25B4B168007EB3DE /* Participant.swift */; };
		62BF008725B3B706002A9C98 /* AppDelegate.swift in Sources */ = {isa = PBXBuildFile; fileRef = 62BF008625B3B706002A9C98 /* AppDelegate.swift */; };
		62BF008925B3B706002A9C98 /* SceneDelegate.swift in Sources */ = {isa = PBXBuildFile; fileRef = 62BF008825B3B706002A9C98 /* SceneDelegate.swift */; };
		62BF008B25B3B706002A9C98 /* ViewController.swift in Sources */ = {isa = PBXBuildFile; fileRef = 62BF008A25B3B706002A9C98 /* ViewController.swift */; };
		62BF008E25B3B706002A9C98 /* Main.storyboard in Resources */ = {isa = PBXBuildFile; fileRef = 62BF008C25B3B706002A9C98 /* Main.storyboard */; };
		62BF009025B3B709002A9C98 /* Assets.xcassets in Resources */ = {isa = PBXBuildFile; fileRef = 62BF008F25B3B709002A9C98 /* Assets.xcassets */; };
		62BF009325B3B709002A9C98 /* LaunchScreen.storyboard in Resources */ = {isa = PBXBuildFile; fileRef = 62BF009125B3B709002A9C98 /* LaunchScreen.storyboard */; };
		62BF009E25B3B709002A9C98 /* EventsTests.swift in Sources */ = {isa = PBXBuildFile; fileRef = 62BF009D25B3B709002A9C98 /* EventsTests.swift */; };
		62BF00A925B3B709002A9C98 /* EventsUITests.swift in Sources */ = {isa = PBXBuildFile; fileRef = 62BF00A825B3B709002A9C98 /* EventsUITests.swift */; };
		62C9F96F25B6406300CABC81 /* UIActivityIndicatorView+Extensions.swift in Sources */ = {isa = PBXBuildFile; fileRef = 62C9F96E25B6406300CABC81 /* UIActivityIndicatorView+Extensions.swift */; };
		62C9F99025B6E57100CABC81 /* UIFontExtensions.swift in Sources */ = {isa = PBXBuildFile; fileRef = 62C9F98F25B6E57000CABC81 /* UIFontExtensions.swift */; };
/* End PBXBuildFile section */

/* Begin PBXContainerItemProxy section */
		62BF009A25B3B709002A9C98 /* PBXContainerItemProxy */ = {
			isa = PBXContainerItemProxy;
			containerPortal = 62BF007B25B3B706002A9C98 /* Project object */;
			proxyType = 1;
			remoteGlobalIDString = 62BF008225B3B706002A9C98;
			remoteInfo = Events;
		};
		62BF00A525B3B709002A9C98 /* PBXContainerItemProxy */ = {
			isa = PBXContainerItemProxy;
			containerPortal = 62BF007B25B3B706002A9C98 /* Project object */;
			proxyType = 1;
			remoteGlobalIDString = 62BF008225B3B706002A9C98;
			remoteInfo = Events;
		};
/* End PBXContainerItemProxy section */

/* Begin PBXFileReference section */
		6242F92825B4D57F00C48621 /* RequestManager.swift */ = {isa = PBXFileReference; lastKnownFileType = sourcecode.swift; path = RequestManager.swift; sourceTree = "<group>"; };
		6242F9EA25B585E300C48621 /* Decoder.swift */ = {isa = PBXFileReference; lastKnownFileType = sourcecode.swift; path = Decoder.swift; sourceTree = "<group>"; };
		6242F9F325B587D000C48621 /* Double+Extensions.swift */ = {isa = PBXFileReference; lastKnownFileType = sourcecode.swift; path = "Double+Extensions.swift"; sourceTree = "<group>"; };
		6242F9FB25B588AC00C48621 /* Date+Extensions.swift */ = {isa = PBXFileReference; lastKnownFileType = sourcecode.swift; path = "Date+Extensions.swift"; sourceTree = "<group>"; };
		6242FA0225B5893500C48621 /* EventDetailViewModel.swift */ = {isa = PBXFileReference; lastKnownFileType = sourcecode.swift; path = EventDetailViewModel.swift; sourceTree = "<group>"; };
		6242FA0A25B5898000C48621 /* EventsViewModel.swift */ = {isa = PBXFileReference; lastKnownFileType = sourcecode.swift; path = EventsViewModel.swift; sourceTree = "<group>"; };
		6242FA0F25B589CF00C48621 /* EventsViewController.swift */ = {isa = PBXFileReference; lastKnownFileType = sourcecode.swift; path = EventsViewController.swift; sourceTree = "<group>"; };
		6242FA1425B58B8500C48621 /* EventDetailTableViewController.swift */ = {isa = PBXFileReference; lastKnownFileType = sourcecode.swift; path = EventDetailTableViewController.swift; sourceTree = "<group>"; };
		6242FA1925B58C3800C48621 /* EventCell.swift */ = {isa = PBXFileReference; lastKnownFileType = sourcecode.swift; path = EventCell.swift; sourceTree = "<group>"; };
		6242FA2125B58D0900C48621 /* Events.storyboard */ = {isa = PBXFileReference; lastKnownFileType = file.storyboard; path = Events.storyboard; sourceTree = "<group>"; };
		6242FA2625B58D8000C48621 /* EventDetail.storyboard */ = {isa = PBXFileReference; lastKnownFileType = file.storyboard; path = EventDetail.storyboard; sourceTree = "<group>"; };
		626D047D25B4B0E3007EB3DE /* EventsAPI.swift */ = {isa = PBXFileReference; lastKnownFileType = sourcecode.swift; path = EventsAPI.swift; sourceTree = "<group>"; };
		626D048A25B4B13A007EB3DE /* Event.swift */ = {isa = PBXFileReference; lastKnownFileType = sourcecode.swift; path = Event.swift; sourceTree = "<group>"; };
		626D048F25B4B168007EB3DE /* Participant.swift */ = {isa = PBXFileReference; lastKnownFileType = sourcecode.swift; path = Participant.swift; sourceTree = "<group>"; };
		62BF008325B3B706002A9C98 /* Events.app */ = {isa = PBXFileReference; explicitFileType = wrapper.application; includeInIndex = 0; path = Events.app; sourceTree = BUILT_PRODUCTS_DIR; };
		62BF008625B3B706002A9C98 /* AppDelegate.swift */ = {isa = PBXFileReference; lastKnownFileType = sourcecode.swift; path = AppDelegate.swift; sourceTree = "<group>"; };
		62BF008825B3B706002A9C98 /* SceneDelegate.swift */ = {isa = PBXFileReference; lastKnownFileType = sourcecode.swift; path = SceneDelegate.swift; sourceTree = "<group>"; };
		62BF008A25B3B706002A9C98 /* ViewController.swift */ = {isa = PBXFileReference; lastKnownFileType = sourcecode.swift; path = ViewController.swift; sourceTree = "<group>"; };
		62BF008D25B3B706002A9C98 /* Base */ = {isa = PBXFileReference; lastKnownFileType = file.storyboard; name = Base; path = Base.lproj/Main.storyboard; sourceTree = "<group>"; };
		62BF008F25B3B709002A9C98 /* Assets.xcassets */ = {isa = PBXFileReference; lastKnownFileType = folder.assetcatalog; path = Assets.xcassets; sourceTree = "<group>"; };
		62BF009225B3B709002A9C98 /* Base */ = {isa = PBXFileReference; lastKnownFileType = file.storyboard; name = Base; path = Base.lproj/LaunchScreen.storyboard; sourceTree = "<group>"; };
		62BF009425B3B709002A9C98 /* Info.plist */ = {isa = PBXFileReference; lastKnownFileType = text.plist.xml; path = Info.plist; sourceTree = "<group>"; };
		62BF009925B3B709002A9C98 /* EventsTests.xctest */ = {isa = PBXFileReference; explicitFileType = wrapper.cfbundle; includeInIndex = 0; path = EventsTests.xctest; sourceTree = BUILT_PRODUCTS_DIR; };
		62BF009D25B3B709002A9C98 /* EventsTests.swift */ = {isa = PBXFileReference; lastKnownFileType = sourcecode.swift; path = EventsTests.swift; sourceTree = "<group>"; };
		62BF009F25B3B709002A9C98 /* Info.plist */ = {isa = PBXFileReference; lastKnownFileType = text.plist.xml; path = Info.plist; sourceTree = "<group>"; };
		62BF00A425B3B709002A9C98 /* EventsUITests.xctest */ = {isa = PBXFileReference; explicitFileType = wrapper.cfbundle; includeInIndex = 0; path = EventsUITests.xctest; sourceTree = BUILT_PRODUCTS_DIR; };
		62BF00A825B3B709002A9C98 /* EventsUITests.swift */ = {isa = PBXFileReference; lastKnownFileType = sourcecode.swift; path = EventsUITests.swift; sourceTree = "<group>"; };
		62BF00AA25B3B709002A9C98 /* Info.plist */ = {isa = PBXFileReference; lastKnownFileType = text.plist.xml; path = Info.plist; sourceTree = "<group>"; };
		62C9F96E25B6406300CABC81 /* UIActivityIndicatorView+Extensions.swift */ = {isa = PBXFileReference; lastKnownFileType = sourcecode.swift; path = "UIActivityIndicatorView+Extensions.swift"; sourceTree = "<group>"; };
		62C9F98F25B6E57000CABC81 /* UIFontExtensions.swift */ = {isa = PBXFileReference; lastKnownFileType = sourcecode.swift; path = UIFontExtensions.swift; sourceTree = "<group>"; };
/* End PBXFileReference section */

/* Begin PBXFrameworksBuildPhase section */
		62BF008025B3B706002A9C98 /* Frameworks */ = {
			isa = PBXFrameworksBuildPhase;
			buildActionMask = 2147483647;
			files = (
			);
			runOnlyForDeploymentPostprocessing = 0;
		};
		62BF009625B3B709002A9C98 /* Frameworks */ = {
			isa = PBXFrameworksBuildPhase;
			buildActionMask = 2147483647;
			files = (
			);
			runOnlyForDeploymentPostprocessing = 0;
		};
		62BF00A125B3B709002A9C98 /* Frameworks */ = {
			isa = PBXFrameworksBuildPhase;
			buildActionMask = 2147483647;
			files = (
			);
			runOnlyForDeploymentPostprocessing = 0;
		};
/* End PBXFrameworksBuildPhase section */

/* Begin PBXGroup section */
		6242F92725B4D56500C48621 /* RequestManager */ = {
			isa = PBXGroup;
			children = (
				6242F92825B4D57F00C48621 /* RequestManager.swift */,
			);
			path = RequestManager;
			sourceTree = "<group>";
		};
		6242F9E925B585CF00C48621 /* Decoder */ = {
			isa = PBXGroup;
			children = (
				6242F9EA25B585E300C48621 /* Decoder.swift */,
			);
			path = Decoder;
			sourceTree = "<group>";
		};
		6242F9F225B587A400C48621 /* Extensions */ = {
			isa = PBXGroup;
			children = (
				6242F9F325B587D000C48621 /* Double+Extensions.swift */,
				6242F9FB25B588AC00C48621 /* Date+Extensions.swift */,
				62C9F96E25B6406300CABC81 /* UIActivityIndicatorView+Extensions.swift */,
				62C9F98F25B6E57000CABC81 /* UIFontExtensions.swift */,
			);
			path = Extensions;
			sourceTree = "<group>";
		};
		6242FA0025B5890C00C48621 /* ViewModel */ = {
			isa = PBXGroup;
			children = (
				6242FA0225B5893500C48621 /* EventDetailViewModel.swift */,
				6242FA0A25B5898000C48621 /* EventsViewModel.swift */,
			);
			path = ViewModel;
			sourceTree = "<group>";
		};
		6242FA0125B5891900C48621 /* View */ = {
			isa = PBXGroup;
			children = (
				6242FA0F25B589CF00C48621 /* EventsViewController.swift */,
				6242FA1425B58B8500C48621 /* EventDetailTableViewController.swift */,
				6242FA1925B58C3800C48621 /* EventCell.swift */,
				6242FA2125B58D0900C48621 /* Events.storyboard */,
				6242FA2625B58D8000C48621 /* EventDetail.storyboard */,
			);
			path = View;
			sourceTree = "<group>";
		};
		626D047A25B4B0A2007EB3DE /* EventsAPI */ = {
			isa = PBXGroup;
			children = (
				626D047D25B4B0E3007EB3DE /* EventsAPI.swift */,
			);
			path = EventsAPI;
			sourceTree = "<group>";
		};
		626D047B25B4B0BF007EB3DE /* Models */ = {
			isa = PBXGroup;
			children = (
				626D048A25B4B13A007EB3DE /* Event.swift */,
				626D048F25B4B168007EB3DE /* Participant.swift */,
			);
			path = Models;
			sourceTree = "<group>";
		};
		62BF007A25B3B706002A9C98 = {
			isa = PBXGroup;
			children = (
				62BF008525B3B706002A9C98 /* Events */,
				62BF009C25B3B709002A9C98 /* EventsTests */,
				62BF00A725B3B709002A9C98 /* EventsUITests */,
				62BF008425B3B706002A9C98 /* Products */,
			);
			sourceTree = "<group>";
		};
		62BF008425B3B706002A9C98 /* Products */ = {
			isa = PBXGroup;
			children = (
				62BF008325B3B706002A9C98 /* Events.app */,
				62BF009925B3B709002A9C98 /* EventsTests.xctest */,
				62BF00A425B3B709002A9C98 /* EventsUITests.xctest */,
			);
			name = Products;
			sourceTree = "<group>";
		};
		62BF008525B3B706002A9C98 /* Events */ = {
			isa = PBXGroup;
			children = (
				6242F9E925B585CF00C48621 /* Decoder */,
				6242F92725B4D56500C48621 /* RequestManager */,
				626D047A25B4B0A2007EB3DE /* EventsAPI */,
				626D047B25B4B0BF007EB3DE /* Models */,
				6242FA0025B5890C00C48621 /* ViewModel */,
				6242FA0125B5891900C48621 /* View */,
				6242F9F225B587A400C48621 /* Extensions */,
				62BF008625B3B706002A9C98 /* AppDelegate.swift */,
				62BF008825B3B706002A9C98 /* SceneDelegate.swift */,
				62BF008A25B3B706002A9C98 /* ViewController.swift */,
				62BF008C25B3B706002A9C98 /* Main.storyboard */,
				62BF008F25B3B709002A9C98 /* Assets.xcassets */,
				62BF009125B3B709002A9C98 /* LaunchScreen.storyboard */,
				62BF009425B3B709002A9C98 /* Info.plist */,
			);
			path = Events;
			sourceTree = "<group>";
		};
		62BF009C25B3B709002A9C98 /* EventsTests */ = {
			isa = PBXGroup;
			children = (
				62BF009D25B3B709002A9C98 /* EventsTests.swift */,
				62BF009F25B3B709002A9C98 /* Info.plist */,
			);
			path = EventsTests;
			sourceTree = "<group>";
		};
		62BF00A725B3B709002A9C98 /* EventsUITests */ = {
			isa = PBXGroup;
			children = (
				62BF00A825B3B709002A9C98 /* EventsUITests.swift */,
				62BF00AA25B3B709002A9C98 /* Info.plist */,
			);
			path = EventsUITests;
			sourceTree = "<group>";
		};
/* End PBXGroup section */

/* Begin PBXNativeTarget section */
		62BF008225B3B706002A9C98 /* Events */ = {
			isa = PBXNativeTarget;
			buildConfigurationList = 62BF00AD25B3B709002A9C98 /* Build configuration list for PBXNativeTarget "Events" */;
			buildPhases = (
				62BF007F25B3B706002A9C98 /* Sources */,
				62BF008025B3B706002A9C98 /* Frameworks */,
				62BF008125B3B706002A9C98 /* Resources */,
			);
			buildRules = (
			);
			dependencies = (
			);
			name = Events;
			productName = Events;
			productReference = 62BF008325B3B706002A9C98 /* Events.app */;
			productType = "com.apple.product-type.application";
		};
		62BF009825B3B709002A9C98 /* EventsTests */ = {
			isa = PBXNativeTarget;
			buildConfigurationList = 62BF00B025B3B709002A9C98 /* Build configuration list for PBXNativeTarget "EventsTests" */;
			buildPhases = (
				62BF009525B3B709002A9C98 /* Sources */,
				62BF009625B3B709002A9C98 /* Frameworks */,
				62BF009725B3B709002A9C98 /* Resources */,
			);
			buildRules = (
			);
			dependencies = (
				62BF009B25B3B709002A9C98 /* PBXTargetDependency */,
			);
			name = EventsTests;
			productName = EventsTests;
			productReference = 62BF009925B3B709002A9C98 /* EventsTests.xctest */;
			productType = "com.apple.product-type.bundle.unit-test";
		};
		62BF00A325B3B709002A9C98 /* EventsUITests */ = {
			isa = PBXNativeTarget;
			buildConfigurationList = 62BF00B325B3B709002A9C98 /* Build configuration list for PBXNativeTarget "EventsUITests" */;
			buildPhases = (
				62BF00A025B3B709002A9C98 /* Sources */,
				62BF00A125B3B709002A9C98 /* Frameworks */,
				62BF00A225B3B709002A9C98 /* Resources */,
			);
			buildRules = (
			);
			dependencies = (
				62BF00A625B3B709002A9C98 /* PBXTargetDependency */,
			);
			name = EventsUITests;
			productName = EventsUITests;
			productReference = 62BF00A425B3B709002A9C98 /* EventsUITests.xctest */;
			productType = "com.apple.product-type.bundle.ui-testing";
		};
/* End PBXNativeTarget section */

/* Begin PBXProject section */
		62BF007B25B3B706002A9C98 /* Project object */ = {
			isa = PBXProject;
			attributes = {
				LastSwiftUpdateCheck = 1230;
				LastUpgradeCheck = 1230;
				TargetAttributes = {
					62BF008225B3B706002A9C98 = {
						CreatedOnToolsVersion = 12.3;
					};
					62BF009825B3B709002A9C98 = {
						CreatedOnToolsVersion = 12.3;
						TestTargetID = 62BF008225B3B706002A9C98;
					};
					62BF00A325B3B709002A9C98 = {
						CreatedOnToolsVersion = 12.3;
						TestTargetID = 62BF008225B3B706002A9C98;
					};
				};
			};
			buildConfigurationList = 62BF007E25B3B706002A9C98 /* Build configuration list for PBXProject "Events" */;
			compatibilityVersion = "Xcode 9.3";
			developmentRegion = en;
			hasScannedForEncodings = 0;
			knownRegions = (
				en,
				Base,
			);
			mainGroup = 62BF007A25B3B706002A9C98;
			productRefGroup = 62BF008425B3B706002A9C98 /* Products */;
			projectDirPath = "";
			projectRoot = "";
			targets = (
				62BF008225B3B706002A9C98 /* Events */,
				62BF009825B3B709002A9C98 /* EventsTests */,
				62BF00A325B3B709002A9C98 /* EventsUITests */,
			);
		};
/* End PBXProject section */

/* Begin PBXResourcesBuildPhase section */
		62BF008125B3B706002A9C98 /* Resources */ = {
			isa = PBXResourcesBuildPhase;
			buildActionMask = 2147483647;
			files = (
				62BF009325B3B709002A9C98 /* LaunchScreen.storyboard in Resources */,
				6242FA2225B58D0900C48621 /* Events.storyboard in Resources */,
				62BF009025B3B709002A9C98 /* Assets.xcassets in Resources */,
				6242FA2725B58D8000C48621 /* EventDetail.storyboard in Resources */,
				62BF008E25B3B706002A9C98 /* Main.storyboard in Resources */,
			);
			runOnlyForDeploymentPostprocessing = 0;
		};
		62BF009725B3B709002A9C98 /* Resources */ = {
			isa = PBXResourcesBuildPhase;
			buildActionMask = 2147483647;
			files = (
			);
			runOnlyForDeploymentPostprocessing = 0;
		};
		62BF00A225B3B709002A9C98 /* Resources */ = {
			isa = PBXResourcesBuildPhase;
			buildActionMask = 2147483647;
			files = (
			);
			runOnlyForDeploymentPostprocessing = 0;
		};
/* End PBXResourcesBuildPhase section */

/* Begin PBXSourcesBuildPhase section */
		62BF007F25B3B706002A9C98 /* Sources */ = {
			isa = PBXSourcesBuildPhase;
			buildActionMask = 2147483647;
			files = (
				62BF008B25B3B706002A9C98 /* ViewController.swift in Sources */,
				62C9F99025B6E57100CABC81 /* UIFontExtensions.swift in Sources */,
				62C9F96F25B6406300CABC81 /* UIActivityIndicatorView+Extensions.swift in Sources */,
				626D047E25B4B0E3007EB3DE /* EventsAPI.swift in Sources */,
				62BF008725B3B706002A9C98 /* AppDelegate.swift in Sources */,
				6242F9FC25B588AC00C48621 /* Date+Extensions.swift in Sources */,
				6242F9F425B587D000C48621 /* Double+Extensions.swift in Sources */,
				62BF008925B3B706002A9C98 /* SceneDelegate.swift in Sources */,
				6242FA0325B5893500C48621 /* EventDetailViewModel.swift in Sources */,
				6242FA1A25B58C3800C48621 /* EventCell.swift in Sources */,
				6242FA1525B58B8500C48621 /* EventDetailTableViewController.swift in Sources */,
				6242FA1025B589CF00C48621 /* EventsViewController.swift in Sources */,
				6242F92925B4D57F00C48621 /* RequestManager.swift in Sources */,
				626D048B25B4B13A007EB3DE /* Event.swift in Sources */,
				6242FA0B25B5898000C48621 /* EventsViewModel.swift in Sources */,
				6242F9EB25B585E300C48621 /* Decoder.swift in Sources */,
				626D049025B4B168007EB3DE /* Participant.swift in Sources */,
			);
			runOnlyForDeploymentPostprocessing = 0;
		};
		62BF009525B3B709002A9C98 /* Sources */ = {
			isa = PBXSourcesBuildPhase;
			buildActionMask = 2147483647;
			files = (
				62BF009E25B3B709002A9C98 /* EventsTests.swift in Sources */,
			);
			runOnlyForDeploymentPostprocessing = 0;
		};
		62BF00A025B3B709002A9C98 /* Sources */ = {
			isa = PBXSourcesBuildPhase;
			buildActionMask = 2147483647;
			files = (
				62BF00A925B3B709002A9C98 /* EventsUITests.swift in Sources */,
			);
			runOnlyForDeploymentPostprocessing = 0;
		};
/* End PBXSourcesBuildPhase section */

/* Begin PBXTargetDependency section */
		62BF009B25B3B709002A9C98 /* PBXTargetDependency */ = {
			isa = PBXTargetDependency;
			target = 62BF008225B3B706002A9C98 /* Events */;
			targetProxy = 62BF009A25B3B709002A9C98 /* PBXContainerItemProxy */;
		};
		62BF00A625B3B709002A9C98 /* PBXTargetDependency */ = {
			isa = PBXTargetDependency;
			target = 62BF008225B3B706002A9C98 /* Events */;
			targetProxy = 62BF00A525B3B709002A9C98 /* PBXContainerItemProxy */;
		};
/* End PBXTargetDependency section */

/* Begin PBXVariantGroup section */
		62BF008C25B3B706002A9C98 /* Main.storyboard */ = {
			isa = PBXVariantGroup;
			children = (
				62BF008D25B3B706002A9C98 /* Base */,
			);
			name = Main.storyboard;
			sourceTree = "<group>";
		};
		62BF009125B3B709002A9C98 /* LaunchScreen.storyboard */ = {
			isa = PBXVariantGroup;
			children = (
				62BF009225B3B709002A9C98 /* Base */,
			);
			name = LaunchScreen.storyboard;
			sourceTree = "<group>";
		};
/* End PBXVariantGroup section */

/* Begin XCBuildConfiguration section */
		62BF00AB25B3B709002A9C98 /* Debug */ = {
			isa = XCBuildConfiguration;
			buildSettings = {
				ALWAYS_SEARCH_USER_PATHS = NO;
				CLANG_ANALYZER_NONNULL = YES;
				CLANG_ANALYZER_NUMBER_OBJECT_CONVERSION = YES_AGGRESSIVE;
				CLANG_CXX_LANGUAGE_STANDARD = "gnu++14";
				CLANG_CXX_LIBRARY = "libc++";
				CLANG_ENABLE_MODULES = YES;
				CLANG_ENABLE_OBJC_ARC = YES;
				CLANG_ENABLE_OBJC_WEAK = YES;
				CLANG_WARN_BLOCK_CAPTURE_AUTORELEASING = YES;
				CLANG_WARN_BOOL_CONVERSION = YES;
				CLANG_WARN_COMMA = YES;
				CLANG_WARN_CONSTANT_CONVERSION = YES;
				CLANG_WARN_DEPRECATED_OBJC_IMPLEMENTATIONS = YES;
				CLANG_WARN_DIRECT_OBJC_ISA_USAGE = YES_ERROR;
				CLANG_WARN_DOCUMENTATION_COMMENTS = YES;
				CLANG_WARN_EMPTY_BODY = YES;
				CLANG_WARN_ENUM_CONVERSION = YES;
				CLANG_WARN_INFINITE_RECURSION = YES;
				CLANG_WARN_INT_CONVERSION = YES;
				CLANG_WARN_NON_LITERAL_NULL_CONVERSION = YES;
				CLANG_WARN_OBJC_IMPLICIT_RETAIN_SELF = YES;
				CLANG_WARN_OBJC_LITERAL_CONVERSION = YES;
				CLANG_WARN_OBJC_ROOT_CLASS = YES_ERROR;
				CLANG_WARN_QUOTED_INCLUDE_IN_FRAMEWORK_HEADER = YES;
				CLANG_WARN_RANGE_LOOP_ANALYSIS = YES;
				CLANG_WARN_STRICT_PROTOTYPES = YES;
				CLANG_WARN_SUSPICIOUS_MOVE = YES;
				CLANG_WARN_UNGUARDED_AVAILABILITY = YES_AGGRESSIVE;
				CLANG_WARN_UNREACHABLE_CODE = YES;
				CLANG_WARN__DUPLICATE_METHOD_MATCH = YES;
				COPY_PHASE_STRIP = NO;
				DEBUG_INFORMATION_FORMAT = dwarf;
				ENABLE_STRICT_OBJC_MSGSEND = YES;
				ENABLE_TESTABILITY = YES;
				GCC_C_LANGUAGE_STANDARD = gnu11;
				GCC_DYNAMIC_NO_PIC = NO;
				GCC_NO_COMMON_BLOCKS = YES;
				GCC_OPTIMIZATION_LEVEL = 0;
				GCC_PREPROCESSOR_DEFINITIONS = (
					"DEBUG=1",
					"$(inherited)",
				);
				GCC_WARN_64_TO_32_BIT_CONVERSION = YES;
				GCC_WARN_ABOUT_RETURN_TYPE = YES_ERROR;
				GCC_WARN_UNDECLARED_SELECTOR = YES;
				GCC_WARN_UNINITIALIZED_AUTOS = YES_AGGRESSIVE;
				GCC_WARN_UNUSED_FUNCTION = YES;
				GCC_WARN_UNUSED_VARIABLE = YES;
				IPHONEOS_DEPLOYMENT_TARGET = 14.3;
				MTL_ENABLE_DEBUG_INFO = INCLUDE_SOURCE;
				MTL_FAST_MATH = YES;
				ONLY_ACTIVE_ARCH = YES;
				SDKROOT = iphoneos;
				SWIFT_ACTIVE_COMPILATION_CONDITIONS = DEBUG;
				SWIFT_OPTIMIZATION_LEVEL = "-Onone";
			};
			name = Debug;
		};
		62BF00AC25B3B709002A9C98 /* Release */ = {
			isa = XCBuildConfiguration;
			buildSettings = {
				ALWAYS_SEARCH_USER_PATHS = NO;
				CLANG_ANALYZER_NONNULL = YES;
				CLANG_ANALYZER_NUMBER_OBJECT_CONVERSION = YES_AGGRESSIVE;
				CLANG_CXX_LANGUAGE_STANDARD = "gnu++14";
				CLANG_CXX_LIBRARY = "libc++";
				CLANG_ENABLE_MODULES = YES;
				CLANG_ENABLE_OBJC_ARC = YES;
				CLANG_ENABLE_OBJC_WEAK = YES;
				CLANG_WARN_BLOCK_CAPTURE_AUTORELEASING = YES;
				CLANG_WARN_BOOL_CONVERSION = YES;
				CLANG_WARN_COMMA = YES;
				CLANG_WARN_CONSTANT_CONVERSION = YES;
				CLANG_WARN_DEPRECATED_OBJC_IMPLEMENTATIONS = YES;
				CLANG_WARN_DIRECT_OBJC_ISA_USAGE = YES_ERROR;
				CLANG_WARN_DOCUMENTATION_COMMENTS = YES;
				CLANG_WARN_EMPTY_BODY = YES;
				CLANG_WARN_ENUM_CONVERSION = YES;
				CLANG_WARN_INFINITE_RECURSION = YES;
				CLANG_WARN_INT_CONVERSION = YES;
				CLANG_WARN_NON_LITERAL_NULL_CONVERSION = YES;
				CLANG_WARN_OBJC_IMPLICIT_RETAIN_SELF = YES;
				CLANG_WARN_OBJC_LITERAL_CONVERSION = YES;
				CLANG_WARN_OBJC_ROOT_CLASS = YES_ERROR;
				CLANG_WARN_QUOTED_INCLUDE_IN_FRAMEWORK_HEADER = YES;
				CLANG_WARN_RANGE_LOOP_ANALYSIS = YES;
				CLANG_WARN_STRICT_PROTOTYPES = YES;
				CLANG_WARN_SUSPICIOUS_MOVE = YES;
				CLANG_WARN_UNGUARDED_AVAILABILITY = YES_AGGRESSIVE;
				CLANG_WARN_UNREACHABLE_CODE = YES;
				CLANG_WARN__DUPLICATE_METHOD_MATCH = YES;
				COPY_PHASE_STRIP = NO;
				DEBUG_INFORMATION_FORMAT = "dwarf-with-dsym";
				ENABLE_NS_ASSERTIONS = NO;
				ENABLE_STRICT_OBJC_MSGSEND = YES;
				GCC_C_LANGUAGE_STANDARD = gnu11;
				GCC_NO_COMMON_BLOCKS = YES;
				GCC_WARN_64_TO_32_BIT_CONVERSION = YES;
				GCC_WARN_ABOUT_RETURN_TYPE = YES_ERROR;
				GCC_WARN_UNDECLARED_SELECTOR = YES;
				GCC_WARN_UNINITIALIZED_AUTOS = YES_AGGRESSIVE;
				GCC_WARN_UNUSED_FUNCTION = YES;
				GCC_WARN_UNUSED_VARIABLE = YES;
				IPHONEOS_DEPLOYMENT_TARGET = 14.3;
				MTL_ENABLE_DEBUG_INFO = NO;
				MTL_FAST_MATH = YES;
				SDKROOT = iphoneos;
				SWIFT_COMPILATION_MODE = wholemodule;
				SWIFT_OPTIMIZATION_LEVEL = "-O";
				VALIDATE_PRODUCT = YES;
			};
			name = Release;
		};
		62BF00AE25B3B709002A9C98 /* Debug */ = {
			isa = XCBuildConfiguration;
			buildSettings = {
				ASSETCATALOG_COMPILER_APPICON_NAME = AppIcon;
				ASSETCATALOG_COMPILER_GLOBAL_ACCENT_COLOR_NAME = AccentColor;
				CODE_SIGN_STYLE = Automatic;
				DEVELOPMENT_TEAM = "";
				INFOPLIST_FILE = Events/Info.plist;
				IPHONEOS_DEPLOYMENT_TARGET = 14.0;
				LD_RUNPATH_SEARCH_PATHS = (
					"$(inherited)",
					"@executable_path/Frameworks",
				);
				PRODUCT_BUNDLE_IDENTIFIER = com.SwiftChallenge.Events;
				PRODUCT_NAME = "$(TARGET_NAME)";
				SWIFT_VERSION = 5.0;
				TARGETED_DEVICE_FAMILY = 1;
			};
			name = Debug;
		};
		62BF00AF25B3B709002A9C98 /* Release */ = {
			isa = XCBuildConfiguration;
			buildSettings = {
				ASSETCATALOG_COMPILER_APPICON_NAME = AppIcon;
				ASSETCATALOG_COMPILER_GLOBAL_ACCENT_COLOR_NAME = AccentColor;
				CODE_SIGN_STYLE = Automatic;
				DEVELOPMENT_TEAM = "";
				INFOPLIST_FILE = Events/Info.plist;
				IPHONEOS_DEPLOYMENT_TARGET = 14.0;
				LD_RUNPATH_SEARCH_PATHS = (
					"$(inherited)",
					"@executable_path/Frameworks",
				);
				PRODUCT_BUNDLE_IDENTIFIER = com.SwiftChallenge.Events;
				PRODUCT_NAME = "$(TARGET_NAME)";
				SWIFT_VERSION = 5.0;
				TARGETED_DEVICE_FAMILY = 1;
			};
			name = Release;
		};
		62BF00B125B3B709002A9C98 /* Debug */ = {
			isa = XCBuildConfiguration;
			buildSettings = {
				ALWAYS_EMBED_SWIFT_STANDARD_LIBRARIES = YES;
				BUNDLE_LOADER = "$(TEST_HOST)";
				CODE_SIGN_STYLE = Automatic;
				INFOPLIST_FILE = EventsTests/Info.plist;
				IPHONEOS_DEPLOYMENT_TARGET = 14.3;
				LD_RUNPATH_SEARCH_PATHS = (
					"$(inherited)",
					"@executable_path/Frameworks",
					"@loader_path/Frameworks",
				);
				PRODUCT_BUNDLE_IDENTIFIER = com.SwiftChallenge.EventsTests;
				PRODUCT_NAME = "$(TARGET_NAME)";
				SWIFT_VERSION = 5.0;
				TARGETED_DEVICE_FAMILY = "1,2";
				TEST_HOST = "$(BUILT_PRODUCTS_DIR)/Events.app/Events";
			};
			name = Debug;
		};
		62BF00B225B3B709002A9C98 /* Release */ = {
			isa = XCBuildConfiguration;
			buildSettings = {
				ALWAYS_EMBED_SWIFT_STANDARD_LIBRARIES = YES;
				BUNDLE_LOADER = "$(TEST_HOST)";
				CODE_SIGN_STYLE = Automatic;
				INFOPLIST_FILE = EventsTests/Info.plist;
				IPHONEOS_DEPLOYMENT_TARGET = 14.3;
				LD_RUNPATH_SEARCH_PATHS = (
					"$(inherited)",
					"@executable_path/Frameworks",
					"@loader_path/Frameworks",
				);
				PRODUCT_BUNDLE_IDENTIFIER = com.SwiftChallenge.EventsTests;
				PRODUCT_NAME = "$(TARGET_NAME)";
				SWIFT_VERSION = 5.0;
				TARGETED_DEVICE_FAMILY = "1,2";
				TEST_HOST = "$(BUILT_PRODUCTS_DIR)/Events.app/Events";
			};
			name = Release;
		};
		62BF00B425B3B709002A9C98 /* Debug */ = {
			isa = XCBuildConfiguration;
			buildSettings = {
				ALWAYS_EMBED_SWIFT_STANDARD_LIBRARIES = YES;
				CODE_SIGN_STYLE = Automatic;
				INFOPLIST_FILE = EventsUITests/Info.plist;
				LD_RUNPATH_SEARCH_PATHS = (
					"$(inherited)",
					"@executable_path/Frameworks",
					"@loader_path/Frameworks",
				);
				PRODUCT_BUNDLE_IDENTIFIER = com.SwiftChallenge.EventsUITests;
				PRODUCT_NAME = "$(TARGET_NAME)";
				SWIFT_VERSION = 5.0;
				TARGETED_DEVICE_FAMILY = "1,2";
				TEST_TARGET_NAME = Events;
			};
			name = Debug;
		};
		62BF00B525B3B709002A9C98 /* Release */ = {
			isa = XCBuildConfiguration;
			buildSettings = {
				ALWAYS_EMBED_SWIFT_STANDARD_LIBRARIES = YES;
				CODE_SIGN_STYLE = Automatic;
				INFOPLIST_FILE = EventsUITests/Info.plist;
				LD_RUNPATH_SEARCH_PATHS = (
					"$(inherited)",
					"@executable_path/Frameworks",
					"@loader_path/Frameworks",
				);
				PRODUCT_BUNDLE_IDENTIFIER = com.SwiftChallenge.EventsUITests;
				PRODUCT_NAME = "$(TARGET_NAME)";
				SWIFT_VERSION = 5.0;
				TARGETED_DEVICE_FAMILY = "1,2";
				TEST_TARGET_NAME = Events;
			};
			name = Release;
		};
/* End XCBuildConfiguration section */

/* Begin XCConfigurationList section */
		62BF007E25B3B706002A9C98 /* Build configuration list for PBXProject "Events" */ = {
			isa = XCConfigurationList;
			buildConfigurations = (
				62BF00AB25B3B709002A9C98 /* Debug */,
				62BF00AC25B3B709002A9C98 /* Release */,
			);
			defaultConfigurationIsVisible = 0;
			defaultConfigurationName = Release;
		};
		62BF00AD25B3B709002A9C98 /* Build configuration list for PBXNativeTarget "Events" */ = {
			isa = XCConfigurationList;
			buildConfigurations = (
				62BF00AE25B3B709002A9C98 /* Debug */,
				62BF00AF25B3B709002A9C98 /* Release */,
			);
			defaultConfigurationIsVisible = 0;
			defaultConfigurationName = Release;
		};
		62BF00B025B3B709002A9C98 /* Build configuration list for PBXNativeTarget "EventsTests" */ = {
			isa = XCConfigurationList;
			buildConfigurations = (
				62BF00B125B3B709002A9C98 /* Debug */,
				62BF00B225B3B709002A9C98 /* Release */,
			);
			defaultConfigurationIsVisible = 0;
			defaultConfigurationName = Release;
		};
		62BF00B325B3B709002A9C98 /* Build configuration list for PBXNativeTarget "EventsUITests" */ = {
			isa = XCConfigurationList;
			buildConfigurations = (
				62BF00B425B3B709002A9C98 /* Debug */,
				62BF00B525B3B709002A9C98 /* Release */,
			);
			defaultConfigurationIsVisible = 0;
			defaultConfigurationName = Release;
		};
/* End XCConfigurationList section */
	};
	rootObject = 62BF007B25B3B706002A9C98 /* Project object */;
}
